// !$*UTF8*$!
{
	archiveVersion = 1;
	classes = {
	};
	objectVersion = 50;
	objects = {

/* Begin PBXBuildFile section */
		053629AD219B0D2C009F9A02 /* CoreLocation.framework in Frameworks */ = {isa = PBXBuildFile; fileRef = 053629AC219B0D2C009F9A02 /* CoreLocation.framework */; };
		0549490B21A52F5F00FC9F2B /* DetailTableViewController.swift in Sources */ = {isa = PBXBuildFile; fileRef = 0549490A21A52F5F00FC9F2B /* DetailTableViewController.swift */; };
		056423AB21A4FFE500FBAC13 /* ShowSplashScreen.swift in Sources */ = {isa = PBXBuildFile; fileRef = 056423AA21A4FFE500FBAC13 /* ShowSplashScreen.swift */; };
		057177F921881836006975C3 /* AppDelegate.swift in Sources */ = {isa = PBXBuildFile; fileRef = 057177F821881836006975C3 /* AppDelegate.swift */; };
		057177FB21881836006975C3 /* ViewController.swift in Sources */ = {isa = PBXBuildFile; fileRef = 057177FA21881836006975C3 /* ViewController.swift */; };
		057177FE21881836006975C3 /* Main.storyboard in Resources */ = {isa = PBXBuildFile; fileRef = 057177FC21881836006975C3 /* Main.storyboard */; };
		0571780021881837006975C3 /* Assets.xcassets in Resources */ = {isa = PBXBuildFile; fileRef = 057177FF21881837006975C3 /* Assets.xcassets */; };
		0571780321881837006975C3 /* LaunchScreen.storyboard in Resources */ = {isa = PBXBuildFile; fileRef = 0571780121881837006975C3 /* LaunchScreen.storyboard */; };
		0571780C2188195E006975C3 /* MapKit.framework in Frameworks */ = {isa = PBXBuildFile; fileRef = 0571780B2188195E006975C3 /* MapKit.framework */; };
		0571780E218821B1006975C3 /* BusanData.swift in Sources */ = {isa = PBXBuildFile; fileRef = 0571780D218821B1006975C3 /* BusanData.swift */; };
		057704CE219E6AB200AC8053 /* BusabDataPM10.swift in Sources */ = {isa = PBXBuildFile; fileRef = 057704CD219E6AB200AC8053 /* BusabDataPM10.swift */; };
		057704D0219E6ADB00AC8053 /* BusabDataPM25.swift in Sources */ = {isa = PBXBuildFile; fileRef = 057704CF219E6ADB00AC8053 /* BusabDataPM25.swift */; };
/* End PBXBuildFile section */

/* Begin PBXFileReference section */
		053629AC219B0D2C009F9A02 /* CoreLocation.framework */ = {isa = PBXFileReference; lastKnownFileType = wrapper.framework; name = CoreLocation.framework; path = System/Library/Frameworks/CoreLocation.framework; sourceTree = SDKROOT; };
		0549490A21A52F5F00FC9F2B /* DetailTableViewController.swift */ = {isa = PBXFileReference; lastKnownFileType = sourcecode.swift; path = DetailTableViewController.swift; sourceTree = "<group>"; };
		056423AA21A4FFE500FBAC13 /* ShowSplashScreen.swift */ = {isa = PBXFileReference; lastKnownFileType = sourcecode.swift; path = ShowSplashScreen.swift; sourceTree = "<group>"; };
		057177F521881836006975C3 /* BusanMap02.app */ = {isa = PBXFileReference; explicitFileType = wrapper.application; includeInIndex = 0; path = BusanMap02.app; sourceTree = BUILT_PRODUCTS_DIR; };
		057177F821881836006975C3 /* AppDelegate.swift */ = {isa = PBXFileReference; lastKnownFileType = sourcecode.swift; path = AppDelegate.swift; sourceTree = "<group>"; };
		057177FA21881836006975C3 /* ViewController.swift */ = {isa = PBXFileReference; lastKnownFileType = sourcecode.swift; path = ViewController.swift; sourceTree = "<group>"; };
		057177FD21881836006975C3 /* Base */ = {isa = PBXFileReference; lastKnownFileType = file.storyboard; name = Base; path = Base.lproj/Main.storyboard; sourceTree = "<group>"; };
		057177FF21881837006975C3 /* Assets.xcassets */ = {isa = PBXFileReference; lastKnownFileType = folder.assetcatalog; path = Assets.xcassets; sourceTree = "<group>"; };
		0571780221881837006975C3 /* Base */ = {isa = PBXFileReference; lastKnownFileType = file.storyboard; name = Base; path = Base.lproj/LaunchScreen.storyboard; sourceTree = "<group>"; };
		0571780421881837006975C3 /* Info.plist */ = {isa = PBXFileReference; lastKnownFileType = text.plist.xml; path = Info.plist; sourceTree = "<group>"; };
		0571780B2188195E006975C3 /* MapKit.framework */ = {isa = PBXFileReference; lastKnownFileType = wrapper.framework; name = MapKit.framework; path = System/Library/Frameworks/MapKit.framework; sourceTree = SDKROOT; };
		0571780D218821B1006975C3 /* BusanData.swift */ = {isa = PBXFileReference; lastKnownFileType = sourcecode.swift; path = BusanData.swift; sourceTree = "<group>"; };
		057704CD219E6AB200AC8053 /* BusabDataPM10.swift */ = {isa = PBXFileReference; lastKnownFileType = sourcecode.swift; path = BusabDataPM10.swift; sourceTree = "<group>"; };
		057704CF219E6ADB00AC8053 /* BusabDataPM25.swift */ = {isa = PBXFileReference; lastKnownFileType = sourcecode.swift; path = BusabDataPM25.swift; sourceTree = "<group>"; };
/* End PBXFileReference section */

/* Begin PBXFrameworksBuildPhase section */
		057177F221881836006975C3 /* Frameworks */ = {
			isa = PBXFrameworksBuildPhase;
			buildActionMask = 2147483647;
			files = (
				053629AD219B0D2C009F9A02 /* CoreLocation.framework in Frameworks */,
				0571780C2188195E006975C3 /* MapKit.framework in Frameworks */,
			);
			runOnlyForDeploymentPostprocessing = 0;
		};
/* End PBXFrameworksBuildPhase section */

/* Begin PBXGroup section */
		057177EC21881836006975C3 = {
			isa = PBXGroup;
			children = (
				057177F721881836006975C3 /* BusanMap02 */,
				057177F621881836006975C3 /* Products */,
				0571780A2188195E006975C3 /* Frameworks */,
			);
			sourceTree = "<group>";
		};
		057177F621881836006975C3 /* Products */ = {
			isa = PBXGroup;
			children = (
				057177F521881836006975C3 /* BusanMap02.app */,
			);
			name = Products;
			sourceTree = "<group>";
		};
		057177F721881836006975C3 /* BusanMap02 */ = {
			isa = PBXGroup;
			children = (
				0549490A21A52F5F00FC9F2B /* DetailTableViewController.swift */,
				057177F821881836006975C3 /* AppDelegate.swift */,
				057177FA21881836006975C3 /* ViewController.swift */,
				057177FC21881836006975C3 /* Main.storyboard */,
				056423AA21A4FFE500FBAC13 /* ShowSplashScreen.swift */,
				057177FF21881837006975C3 /* Assets.xcassets */,
				0571780121881837006975C3 /* LaunchScreen.storyboard */,
				0571780421881837006975C3 /* Info.plist */,
				0571780D218821B1006975C3 /* BusanData.swift */,
				057704CD219E6AB200AC8053 /* BusabDataPM10.swift */,
				057704CF219E6ADB00AC8053 /* BusabDataPM25.swift */,
			);
			path = BusanMap02;
			sourceTree = "<group>";
		};
		0571780A2188195E006975C3 /* Frameworks */ = {
			isa = PBXGroup;
			children = (
				053629AC219B0D2C009F9A02 /* CoreLocation.framework */,
				0571780B2188195E006975C3 /* MapKit.framework */,
			);
			name = Frameworks;
			sourceTree = "<group>";
		};
/* End PBXGroup section */

/* Begin PBXNativeTarget section */
		057177F421881836006975C3 /* BusanMap02 */ = {
			isa = PBXNativeTarget;
			buildConfigurationList = 0571780721881837006975C3 /* Build configuration list for PBXNativeTarget "BusanMap02" */;
			buildPhases = (
				057177F121881836006975C3 /* Sources */,
				057177F221881836006975C3 /* Frameworks */,
				057177F321881836006975C3 /* Resources */,
			);
			buildRules = (
			);
			dependencies = (
			);
			name = BusanMap02;
			productName = BusanMap02;
			productReference = 057177F521881836006975C3 /* BusanMap02.app */;
			productType = "com.apple.product-type.application";
		};
/* End PBXNativeTarget section */

/* Begin PBXProject section */
		057177ED21881836006975C3 /* Project object */ = {
			isa = PBXProject;
			attributes = {
				LastSwiftUpdateCheck = 0940;
				LastUpgradeCheck = 0940;
				ORGANIZATIONNAME = "김종현";
				TargetAttributes = {
					057177F421881836006975C3 = {
						CreatedOnToolsVersion = 9.4.1;
					};
				};
			};
			buildConfigurationList = 057177F021881836006975C3 /* Build configuration list for PBXProject "BusanMap02" */;
			compatibilityVersion = "Xcode 9.3";
			developmentRegion = en;
			hasScannedForEncodings = 0;
			knownRegions = (
				en,
				Base,
			);
			mainGroup = 057177EC21881836006975C3;
			productRefGroup = 057177F621881836006975C3 /* Products */;
			projectDirPath = "";
			projectRoot = "";
			targets = (
				057177F421881836006975C3 /* BusanMap02 */,
			);
		};
/* End PBXProject section */

/* Begin PBXResourcesBuildPhase section */
		057177F321881836006975C3 /* Resources */ = {
			isa = PBXResourcesBuildPhase;
			buildActionMask = 2147483647;
			files = (
				0571780321881837006975C3 /* LaunchScreen.storyboard in Resources */,
				0571780021881837006975C3 /* Assets.xcassets in Resources */,
				057177FE21881836006975C3 /* Main.storyboard in Resources */,
			);
			runOnlyForDeploymentPostprocessing = 0;
		};
/* End PBXResourcesBuildPhase section */

/* Begin PBXSourcesBuildPhase section */
		057177F121881836006975C3 /* Sources */ = {
			isa = PBXSourcesBuildPhase;
			buildActionMask = 2147483647;
			files = (
				0549490B21A52F5F00FC9F2B /* DetailTableViewController.swift in Sources */,
				057177FB21881836006975C3 /* ViewController.swift in Sources */,
				0571780E218821B1006975C3 /* BusanData.swift in Sources */,
				057704D0219E6ADB00AC8053 /* BusabDataPM25.swift in Sources */,
				057177F921881836006975C3 /* AppDelegate.swift in Sources */,
				057704CE219E6AB200AC8053 /* BusabDataPM10.swift in Sources */,
				056423AB21A4FFE500FBAC13 /* ShowSplashScreen.swift in Sources */,
			);
			runOnlyForDeploymentPostprocessing = 0;
		};
/* End PBXSourcesBuildPhase section */

/* Begin PBXVariantGroup section */
		057177FC21881836006975C3 /* Main.storyboard */ = {
			isa = PBXVariantGroup;
			children = (
				057177FD21881836006975C3 /* Base */,
			);
			name = Main.storyboard;
			sourceTree = "<group>";
		};
		0571780121881837006975C3 /* LaunchScreen.storyboard */ = {
			isa = PBXVariantGroup;
			children = (
				0571780221881837006975C3 /* Base */,
			);
			name = LaunchScreen.storyboard;
			sourceTree = "<group>";
		};
/* End PBXVariantGroup section */

/* Begin XCBuildConfiguration section */
		0571780521881837006975C3 /* Debug */ = {
			isa = XCBuildConfiguration;
			buildSettings = {
				ALWAYS_SEARCH_USER_PATHS = NO;
				CLANG_ANALYZER_LOCALIZABILITY_NONLOCALIZED = YES;
				CLANG_ANALYZER_NONNULL = YES;
				CLANG_ANALYZER_NUMBER_OBJECT_CONVERSION = YES_AGGRESSIVE;
				CLANG_CXX_LANGUAGE_STANDARD = "gnu++14";
				CLANG_CXX_LIBRARY = "libc++";
				CLANG_ENABLE_MODULES = YES;
				CLANG_ENABLE_OBJC_ARC = YES;
				CLANG_ENABLE_OBJC_WEAK = YES;
				CLANG_WARN_BLOCK_CAPTURE_AUTORELEASING = YES;
				CLANG_WARN_BOOL_CONVERSION = YES;
				CLANG_WARN_COMMA = YES;
				CLANG_WARN_CONSTANT_CONVERSION = YES;
				CLANG_WARN_DEPRECATED_OBJC_IMPLEMENTATIONS = YES;
				CLANG_WARN_DIRECT_OBJC_ISA_USAGE = YES_ERROR;
				CLANG_WARN_DOCUMENTATION_COMMENTS = YES;
				CLANG_WARN_EMPTY_BODY = YES;
				CLANG_WARN_ENUM_CONVERSION = YES;
				CLANG_WARN_INFINITE_RECURSION = YES;
				CLANG_WARN_INT_CONVERSION = YES;
				CLANG_WARN_NON_LITERAL_NULL_CONVERSION = YES;
				CLANG_WARN_OBJC_IMPLICIT_RETAIN_SELF = YES;
				CLANG_WARN_OBJC_LITERAL_CONVERSION = YES;
				CLANG_WARN_OBJC_ROOT_CLASS = YES_ERROR;
				CLANG_WARN_RANGE_LOOP_ANALYSIS = YES;
				CLANG_WARN_STRICT_PROTOTYPES = YES;
				CLANG_WARN_SUSPICIOUS_MOVE = YES;
				CLANG_WARN_UNGUARDED_AVAILABILITY = YES_AGGRESSIVE;
				CLANG_WARN_UNREACHABLE_CODE = YES;
				CLANG_WARN__DUPLICATE_METHOD_MATCH = YES;
				CODE_SIGN_IDENTITY = "iPhone Developer";
				COPY_PHASE_STRIP = NO;
				DEBUG_INFORMATION_FORMAT = dwarf;
				ENABLE_STRICT_OBJC_MSGSEND = YES;
				ENABLE_TESTABILITY = YES;
				GCC_C_LANGUAGE_STANDARD = gnu11;
				GCC_DYNAMIC_NO_PIC = NO;
				GCC_NO_COMMON_BLOCKS = YES;
				GCC_OPTIMIZATION_LEVEL = 0;
				GCC_PREPROCESSOR_DEFINITIONS = (
					"DEBUG=1",
					"$(inherited)",
				);
				GCC_WARN_64_TO_32_BIT_CONVERSION = YES;
				GCC_WARN_ABOUT_RETURN_TYPE = YES_ERROR;
				GCC_WARN_UNDECLARED_SELECTOR = YES;
				GCC_WARN_UNINITIALIZED_AUTOS = YES_AGGRESSIVE;
				GCC_WARN_UNUSED_FUNCTION = YES;
				GCC_WARN_UNUSED_VARIABLE = YES;
				IPHONEOS_DEPLOYMENT_TARGET = 11.4;
				MTL_ENABLE_DEBUG_INFO = YES;
				ONLY_ACTIVE_ARCH = YES;
				SDKROOT = iphoneos;
				SWIFT_ACTIVE_COMPILATION_CONDITIONS = DEBUG;
				SWIFT_OPTIMIZATION_LEVEL = "-Onone";
			};
			name = Debug;
		};
		0571780621881837006975C3 /* Release */ = {
			isa = XCBuildConfiguration;
			buildSettings = {
				ALWAYS_SEARCH_USER_PATHS = NO;
				CLANG_ANALYZER_LOCALIZABILITY_NONLOCALIZED = YES;
				CLANG_ANALYZER_NONNULL = YES;
				CLANG_ANALYZER_NUMBER_OBJECT_CONVERSION = YES_AGGRESSIVE;
				CLANG_CXX_LANGUAGE_STANDARD = "gnu++14";
				CLANG_CXX_LIBRARY = "libc++";
				CLANG_ENABLE_MODULES = YES;
				CLANG_ENABLE_OBJC_ARC = YES;
				CLANG_ENABLE_OBJC_WEAK = YES;
				CLANG_WARN_BLOCK_CAPTURE_AUTORELEASING = YES;
				CLANG_WARN_BOOL_CONVERSION = YES;
				CLANG_WARN_COMMA = YES;
				CLANG_WARN_CONSTANT_CONVERSION = YES;
				CLANG_WARN_DEPRECATED_OBJC_IMPLEMENTATIONS = YES;
				CLANG_WARN_DIRECT_OBJC_ISA_USAGE = YES_ERROR;
				CLANG_WARN_DOCUMENTATION_COMMENTS = YES;
				CLANG_WARN_EMPTY_BODY = YES;
				CLANG_WARN_ENUM_CONVERSION = YES;
				CLANG_WARN_INFINITE_RECURSION = YES;
				CLANG_WARN_INT_CONVERSION = YES;
				CLANG_WARN_NON_LITERAL_NULL_CONVERSION = YES;
				CLANG_WARN_OBJC_IMPLICIT_RETAIN_SELF = YES;
				CLANG_WARN_OBJC_LITERAL_CONVERSION = YES;
				CLANG_WARN_OBJC_ROOT_CLASS = YES_ERROR;
				CLANG_WARN_RANGE_LOOP_ANALYSIS = YES;
				CLANG_WARN_STRICT_PROTOTYPES = YES;
				CLANG_WARN_SUSPICIOUS_MOVE = YES;
				CLANG_WARN_UNGUARDED_AVAILABILITY = YES_AGGRESSIVE;
				CLANG_WARN_UNREACHABLE_CODE = YES;
				CLANG_WARN__DUPLICATE_METHOD_MATCH = YES;
				CODE_SIGN_IDENTITY = "iPhone Developer";
				COPY_PHASE_STRIP = NO;
				DEBUG_INFORMATION_FORMAT = "dwarf-with-dsym";
				ENABLE_NS_ASSERTIONS = NO;
				ENABLE_STRICT_OBJC_MSGSEND = YES;
				GCC_C_LANGUAGE_STANDARD = gnu11;
				GCC_NO_COMMON_BLOCKS = YES;
				GCC_WARN_64_TO_32_BIT_CONVERSION = YES;
				GCC_WARN_ABOUT_RETURN_TYPE = YES_ERROR;
				GCC_WARN_UNDECLARED_SELECTOR = YES;
				GCC_WARN_UNINITIALIZED_AUTOS = YES_AGGRESSIVE;
				GCC_WARN_UNUSED_FUNCTION = YES;
				GCC_WARN_UNUSED_VARIABLE = YES;
				IPHONEOS_DEPLOYMENT_TARGET = 11.4;
				MTL_ENABLE_DEBUG_INFO = NO;
				SDKROOT = iphoneos;
				SWIFT_COMPILATION_MODE = wholemodule;
				SWIFT_OPTIMIZATION_LEVEL = "-O";
				VALIDATE_PRODUCT = YES;
			};
			name = Release;
		};
		0571780821881837006975C3 /* Debug */ = {
			isa = XCBuildConfiguration;
			buildSettings = {
				ASSETCATALOG_COMPILER_APPICON_NAME = AppIcon;
				CODE_SIGN_STYLE = Automatic;
				DEVELOPMENT_TEAM = UQ37D35Z4Z;
				INFOPLIST_FILE = BusanMap02/Info.plist;
				LD_RUNPATH_SEARCH_PATHS = (
					"$(inherited)",
					"@executable_path/Frameworks",
				);
				PRODUCT_BUNDLE_IDENTIFIER = kr.ac.dit.BusanMap02;
				PRODUCT_NAME = "$(TARGET_NAME)";
				SWIFT_VERSION = 4.0;
				TARGETED_DEVICE_FAMILY = "1,2";
			};
			name = Debug;
		};
		0571780921881837006975C3 /* Release */ = {
			isa = XCBuildConfiguration;
			buildSettings = {
				ASSETCATALOG_COMPILER_APPICON_NAME = AppIcon;
				CODE_SIGN_STYLE = Automatic;
				DEVELOPMENT_TEAM = UQ37D35Z4Z;
				INFOPLIST_FILE = BusanMap02/Info.plist;
				LD_RUNPATH_SEARCH_PATHS = (
					"$(inherited)",
					"@executable_path/Frameworks",
				);
				PRODUCT_BUNDLE_IDENTIFIER = kr.ac.dit.BusanMap02;
				PRODUCT_NAME = "$(TARGET_NAME)";
				SWIFT_VERSION = 4.0;
				TARGETED_DEVICE_FAMILY = "1,2";
			};
			name = Release;
		};
/* End XCBuildConfiguration section */

/* Begin XCConfigurationList section */
		057177F021881836006975C3 /* Build configuration list for PBXProject "BusanMap02" */ = {
			isa = XCConfigurationList;
			buildConfigurations = (
				0571780521881837006975C3 /* Debug */,
				0571780621881837006975C3 /* Release */,
			);
			defaultConfigurationIsVisible = 0;
			defaultConfigurationName = Release;
		};
		0571780721881837006975C3 /* Build configuration list for PBXNativeTarget "BusanMap02" */ = {
			isa = XCConfigurationList;
			buildConfigurations = (
				0571780821881837006975C3 /* Debug */,
				0571780921881837006975C3 /* Release */,
			);
			defaultConfigurationIsVisible = 0;
			defaultConfigurationName = Release;
		};
/* End XCConfigurationList section */
	};
	rootObject = 057177ED21881836006975C3 /* Project object */;
}
